
Microsoft Visual Studio Solution File, Format Version 12.00
Project("{FAE04EC0-301F-11D3-BF4B-00C04F79EFBC}") = "AppServiceDefaults", "AppServiceDefaults\AppServiceDefaults.csproj", "{7A90051F-E318-401F-9070-1126387B880D}"
EndProject
Project("{FAE04EC0-301F-11D3-BF4B-00C04F79EFBC}") = "BankingClientAlt", "BankingClientAlt\BankingClientAlt.csproj", "{F7DB2F1D-ECEC-4BFB-8CF5-1DE61D3BA4A1}"
EndProject
Project("{FAE04EC0-301F-11D3-BF4B-00C04F79EFBC}") = "AppHost", "AppHost\AppHost.csproj", "{CF8D76BA-B62B-4646-BD41-CD8A581A231D}"
EndProject
Project("{2150E333-8FDC-42A3-9474-1A3956D46DE8}") = "src", "src", "{2F95ECD6-2B02-4451-B6FD-3662F0A61FAC}"
EndProject
Project("{2150E333-8FDC-42A3-9474-1A3956D46DE8}") = "aspire", "aspire", "{5E1B3DBD-4322-4E74-8FA9-BF6AC82982AB}"
EndProject
Project("{FAE04EC0-301F-11D3-BF4B-00C04F79EFBC}") = "BankingApi", "BankingApi\BankingApi.csproj", "{D8A82748-559D-497D-A1E3-0E3527C92C4E}"
EndProject
Project("{FAE04EC0-301F-11D3-BF4B-00C04F79EFBC}") = "BankingClient", "BankingClient\BankingClient.csproj", "{455F24AC-FCC1-41C6-96BE-F1D6C20F367F}"
EndProject
Project("{FAE04EC0-301F-11D3-BF4B-00C04F79EFBC}") = "BankingApiTest", "BankingApiTest\BankingApiTest.csproj", "{2C64D362-DA73-4A80-B65E-22A5C38F1CDC}"
EndProject
Global
	GlobalSection(SolutionConfigurationPlatforms) = preSolution
		Debug|Any CPU = Debug|Any CPU
		Release|Any CPU = Release|Any CPU
	EndGlobalSection
	GlobalSection(ProjectConfigurationPlatforms) = postSolution
		{7A90051F-E318-401F-9070-1126387B880D}.Debug|Any CPU.ActiveCfg = Debug|Any CPU
		{7A90051F-E318-401F-9070-1126387B880D}.Debug|Any CPU.Build.0 = Debug|Any CPU
		{7A90051F-E318-401F-9070-1126387B880D}.Release|Any CPU.ActiveCfg = Release|Any CPU
		{7A90051F-E318-401F-9070-1126387B880D}.Release|Any CPU.Build.0 = Release|Any CPU
		{F7DB2F1D-ECEC-4BFB-8CF5-1DE61D3BA4A1}.Debug|Any CPU.ActiveCfg = Debug|Any CPU
		{F7DB2F1D-ECEC-4BFB-8CF5-1DE61D3BA4A1}.Debug|Any CPU.Build.0 = Debug|Any CPU
		{F7DB2F1D-ECEC-4BFB-8CF5-1DE61D3BA4A1}.Release|Any CPU.ActiveCfg = Release|Any CPU
		{F7DB2F1D-ECEC-4BFB-8CF5-1DE61D3BA4A1}.Release|Any CPU.Build.0 = Release|Any CPU
		{CF8D76BA-B62B-4646-BD41-CD8A581A231D}.Debug|Any CPU.ActiveCfg = Debug|Any CPU
		{CF8D76BA-B62B-4646-BD41-CD8A581A231D}.Debug|Any CPU.Build.0 = Debug|Any CPU
		{CF8D76BA-B62B-4646-BD41-CD8A581A231D}.Release|Any CPU.ActiveCfg = Release|Any CPU
		{CF8D76BA-B62B-4646-BD41-CD8A581A231D}.Release|Any CPU.Build.0 = Release|Any CPU
		{D8A82748-559D-497D-A1E3-0E3527C92C4E}.Debug|Any CPU.ActiveCfg = Debug|Any CPU
		{D8A82748-559D-497D-A1E3-0E3527C92C4E}.Debug|Any CPU.Build.0 = Debug|Any CPU
		{D8A82748-559D-497D-A1E3-0E3527C92C4E}.Release|Any CPU.ActiveCfg = Release|Any CPU
		{D8A82748-559D-497D-A1E3-0E3527C92C4E}.Release|Any CPU.Build.0 = Release|Any CPU
		{455F24AC-FCC1-41C6-96BE-F1D6C20F367F}.Debug|Any CPU.ActiveCfg = Debug|Any CPU
		{455F24AC-FCC1-41C6-96BE-F1D6C20F367F}.Debug|Any CPU.Build.0 = Debug|Any CPU
		{455F24AC-FCC1-41C6-96BE-F1D6C20F367F}.Release|Any CPU.ActiveCfg = Release|Any CPU
		{455F24AC-FCC1-41C6-96BE-F1D6C20F367F}.Release|Any CPU.Build.0 = Release|Any CPU
		{2C64D362-DA73-4A80-B65E-22A5C38F1CDC}.Debug|Any CPU.ActiveCfg = Debug|Any CPU
		{2C64D362-DA73-4A80-B65E-22A5C38F1CDC}.Debug|Any CPU.Build.0 = Debug|Any CPU
		{2C64D362-DA73-4A80-B65E-22A5C38F1CDC}.Release|Any CPU.ActiveCfg = Release|Any CPU
		{2C64D362-DA73-4A80-B65E-22A5C38F1CDC}.Release|Any CPU.Build.0 = Release|Any CPU
	EndGlobalSection
	GlobalSection(NestedProjects) = preSolution
		{F7DB2F1D-ECEC-4BFB-8CF5-1DE61D3BA4A1} = {2F95ECD6-2B02-4451-B6FD-3662F0A61FAC}
		{CF8D76BA-B62B-4646-BD41-CD8A581A231D} = {5E1B3DBD-4322-4E74-8FA9-BF6AC82982AB}
		{7A90051F-E318-401F-9070-1126387B880D} = {5E1B3DBD-4322-4E74-8FA9-BF6AC82982AB}
		{D8A82748-559D-497D-A1E3-0E3527C92C4E} = {2F95ECD6-2B02-4451-B6FD-3662F0A61FAC}
		{455F24AC-FCC1-41C6-96BE-F1D6C20F367F} = {2F95ECD6-2B02-4451-B6FD-3662F0A61FAC}
		{2C64D362-DA73-4A80-B65E-22A5C38F1CDC} = {2F95ECD6-2B02-4451-B6FD-3662F0A61FAC}
	EndGlobalSection
EndGlobal
